{
  "version": 4,
  "terraform_version": "1.12.2",
  "serial": 20,
  "lineage": "1ccc25ca-f71c-9e13-70e0-0b4c5181a049",
  "outputs": {
    "key_vault_id": {
      "value": "/subscriptions/336a7f45-8a57-4f0b-85b8-46ba5a595ee7/resourceGroups/terraform-storage-rg/providers/Microsoft.KeyVault/vaults/arlindsulejmanitfvars",
      "type": "string"
    },
    "key_vault_name": {
      "value": "arlindsulejmanitfvars",
      "type": "string"
    },
    "resource_group_location": {
      "value": "switzerlandnorth",
      "type": "string"
    },
    "resource_group_name": {
      "value": "terraform-storage-rg",
      "type": "string"
    }
  },
  "resources": [
    {
      "mode": "data",
      "type": "azurerm_client_config",
      "name": "current",
      "provider": "provider[\"registry.terraform.io/hashicorp/azurerm\"]",
      "instances": [
        {
          "schema_version": 0,
          "attributes": {
            "client_id": "04b07795-8ddb-461a-bbee-02f9e1bf7b46",
            "id": "Y2xpZW50Q29uZmlncy9jbGllbnRJZD0wNGIwNzc5NS04ZGRiLTQ2MWEtYmJlZS0wMmY5ZTFiZjdiNDY7b2JqZWN0SWQ9Mzc4NDlkZTUtYzY2Mi00NGI5LWFmMWMtYzY1ZWI0ZjU2MzExO3N1YnNjcmlwdGlvbklkPTMzNmE3ZjQ1LThhNTctNGYwYi04NWI4LTQ2YmE1YTU5NWVlNzt0ZW5hbnRJZD1mNzMzZmRjNS0xMjU1LTRkOGQtYjc5My0yYmM3YWNhMGYyMTQ=",
            "object_id": "37849de5-c662-44b9-af1c-c65eb4f56311",
            "subscription_id": "336a7f45-8a57-4f0b-85b8-46ba5a595ee7",
            "tenant_id": "f733fdc5-1255-4d8d-b793-2bc7aca0f214",
            "timeouts": null
          },
          "sensitive_attributes": [],
          "identity_schema_version": 0
        }
      ]
    },
    {
      "mode": "managed",
      "type": "azurerm_key_vault",
      "name": "tfvars",
      "provider": "provider[\"registry.terraform.io/hashicorp/azurerm\"]",
      "instances": [
        {
          "schema_version": 2,
          "attributes": {
            "access_policy": [
              {
                "application_id": "",
                "certificate_permissions": [],
                "key_permissions": [],
                "object_id": "37849de5-c662-44b9-af1c-c65eb4f56311",
                "secret_permissions": [
                  "Get",
                  "List",
                  "Set",
                  "Delete",
                  "Purge",
                  "Recover"
                ],
                "storage_permissions": [],
                "tenant_id": "f733fdc5-1255-4d8d-b793-2bc7aca0f214"
              }
            ],
            "contact": [],
            "enable_rbac_authorization": false,
            "enabled_for_deployment": false,
            "enabled_for_disk_encryption": false,
            "enabled_for_template_deployment": false,
            "id": "/subscriptions/336a7f45-8a57-4f0b-85b8-46ba5a595ee7/resourceGroups/terraform-storage-rg/providers/Microsoft.KeyVault/vaults/arlindsulejmanitfvars",
            "location": "switzerlandnorth",
            "name": "arlindsulejmanitfvars",
            "network_acls": [
              {
                "bypass": "AzureServices",
                "default_action": "Allow",
                "ip_rules": [],
                "virtual_network_subnet_ids": []
              }
            ],
            "public_network_access_enabled": true,
            "purge_protection_enabled": false,
            "resource_group_name": "terraform-storage-rg",
            "sku_name": "standard",
            "soft_delete_retention_days": 7,
            "tags": {},
            "tenant_id": "f733fdc5-1255-4d8d-b793-2bc7aca0f214",
            "timeouts": null,
            "vault_uri": "https://arlindsulejmanitfvars.vault.azure.net/"
          },
          "sensitive_attributes": [],
          "identity_schema_version": 0,
          "private": "eyJlMmJmYjczMC1lY2FhLTExZTYtOGY4OC0zNDM2M2JjN2M0YzAiOnsiY3JlYXRlIjoxODAwMDAwMDAwMDAwLCJkZWxldGUiOjE4MDAwMDAwMDAwMDAsInJlYWQiOjMwMDAwMDAwMDAwMCwidXBkYXRlIjoxODAwMDAwMDAwMDAwfSwic2NoZW1hX3ZlcnNpb24iOiIyIn0=",
          "dependencies": [
            "azurerm_resource_group.storage_rg",
            "data.azurerm_client_config.current"
          ]
        }
      ]
    },
    {
      "mode": "managed",
      "type": "azurerm_key_vault_secret",
      "name": "ssh_public_key",
      "provider": "provider[\"registry.terraform.io/hashicorp/azurerm\"]",
      "instances": [
        {
          "schema_version": 0,
          "attributes": {
            "content_type": "",
            "expiration_date": null,
            "id": "https://arlindsulejmanitfvars.vault.azure.net/secrets/ssh-public-key/0662e6df778349e6a9694278a34a61ad",
            "key_vault_id": "/subscriptions/336a7f45-8a57-4f0b-85b8-46ba5a595ee7/resourceGroups/terraform-storage-rg/providers/Microsoft.KeyVault/vaults/arlindsulejmanitfvars",
            "name": "ssh-public-key",
            "not_before_date": null,
            "resource_id": "/subscriptions/336a7f45-8a57-4f0b-85b8-46ba5a595ee7/resourceGroups/terraform-storage-rg/providers/Microsoft.KeyVault/vaults/arlindsulejmanitfvars/secrets/ssh-public-key/versions/0662e6df778349e6a9694278a34a61ad",
            "resource_versionless_id": "/subscriptions/336a7f45-8a57-4f0b-85b8-46ba5a595ee7/resourceGroups/terraform-storage-rg/providers/Microsoft.KeyVault/vaults/arlindsulejmanitfvars/secrets/ssh-public-key",
            "tags": {},
            "timeouts": null,
            "value": "ssh-ed25519 AAAAC3NzaC1lZDI1NTE5AAAAIGFglb7oQ5Zxk0VG3F65XiG7LtnLY6tohRxW0En+PTSM arlind@Arlind-dev",
            "value_wo": null,
            "value_wo_version": 0,
            "version": "0662e6df778349e6a9694278a34a61ad",
            "versionless_id": "https://arlindsulejmanitfvars.vault.azure.net/secrets/ssh-public-key"
          },
          "sensitive_attributes": [
            [
              {
                "type": "get_attr",
                "value": "value"
              }
            ]
          ],
          "identity_schema_version": 0,
          "private": "eyJlMmJmYjczMC1lY2FhLTExZTYtOGY4OC0zNDM2M2JjN2M0YzAiOnsiY3JlYXRlIjoxODAwMDAwMDAwMDAwLCJkZWxldGUiOjE4MDAwMDAwMDAwMDAsInJlYWQiOjE4MDAwMDAwMDAwMDAsInVwZGF0ZSI6MTgwMDAwMDAwMDAwMH19",
          "dependencies": [
            "azurerm_key_vault.tfvars",
            "azurerm_resource_group.storage_rg",
            "data.azurerm_client_config.current"
          ]
        }
      ]
    },
    {
      "mode": "managed",
      "type": "azurerm_key_vault_secret",
      "name": "startup_script",
      "provider": "provider[\"registry.terraform.io/hashicorp/azurerm\"]",
      "instances": [
        {
          "schema_version": 0,
          "attributes": {
            "content_type": "",
            "expiration_date": null,
            "id": "https://arlindsulejmanitfvars.vault.azure.net/secrets/startup-script/f7cce28631db4bc9b1e023d5a53e645f",
            "key_vault_id": "/subscriptions/336a7f45-8a57-4f0b-85b8-46ba5a595ee7/resourceGroups/terraform-storage-rg/providers/Microsoft.KeyVault/vaults/arlindsulejmanitfvars",
            "name": "startup-script",
            "not_before_date": null,
            "resource_id": "/subscriptions/336a7f45-8a57-4f0b-85b8-46ba5a595ee7/resourceGroups/terraform-storage-rg/providers/Microsoft.KeyVault/vaults/arlindsulejmanitfvars/secrets/startup-script/versions/f7cce28631db4bc9b1e023d5a53e645f",
            "resource_versionless_id": "/subscriptions/336a7f45-8a57-4f0b-85b8-46ba5a595ee7/resourceGroups/terraform-storage-rg/providers/Microsoft.KeyVault/vaults/arlindsulejmanitfvars/secrets/startup-script",
            "tags": {},
            "timeouts": null,
            "value": "#!/bin/bash\napt-get update\napt-get upgrade\n",
            "value_wo": null,
            "value_wo_version": 0,
            "version": "f7cce28631db4bc9b1e023d5a53e645f",
            "versionless_id": "https://arlindsulejmanitfvars.vault.azure.net/secrets/startup-script"
          },
          "sensitive_attributes": [
            [
              {
                "type": "get_attr",
                "value": "value"
              }
            ]
          ],
          "identity_schema_version": 0,
          "private": "eyJlMmJmYjczMC1lY2FhLTExZTYtOGY4OC0zNDM2M2JjN2M0YzAiOnsiY3JlYXRlIjoxODAwMDAwMDAwMDAwLCJkZWxldGUiOjE4MDAwMDAwMDAwMDAsInJlYWQiOjE4MDAwMDAwMDAwMDAsInVwZGF0ZSI6MTgwMDAwMDAwMDAwMH19",
          "dependencies": [
            "azurerm_key_vault.tfvars",
            "azurerm_resource_group.storage_rg",
            "data.azurerm_client_config.current"
          ]
        }
      ]
    },
    {
      "mode": "managed",
      "type": "azurerm_resource_group",
      "name": "storage_rg",
      "provider": "provider[\"registry.terraform.io/hashicorp/azurerm\"]",
      "instances": [
        {
          "schema_version": 0,
          "attributes": {
            "id": "/subscriptions/336a7f45-8a57-4f0b-85b8-46ba5a595ee7/resourceGroups/terraform-storage-rg",
            "location": "switzerlandnorth",
            "managed_by": "",
            "name": "terraform-storage-rg",
            "tags": {},
            "timeouts": null
          },
          "sensitive_attributes": [],
          "identity_schema_version": 0,
          "private": "eyJlMmJmYjczMC1lY2FhLTExZTYtOGY4OC0zNDM2M2JjN2M0YzAiOnsiY3JlYXRlIjo1NDAwMDAwMDAwMDAwLCJkZWxldGUiOjU0MDAwMDAwMDAwMDAsInJlYWQiOjMwMDAwMDAwMDAwMCwidXBkYXRlIjo1NDAwMDAwMDAwMDAwfX0="
        }
      ]
    }
  ],
  "check_results": null
}
